
Microsoft Visual Studio Solution File, Format Version 12.00
# Visual Studio Version 17
VisualStudioVersion = 17.8.34511.84
MinimumVisualStudioVersion = 10.0.40219.1
Project("{9A19103F-16F7-4668-BE54-9A1E7A4F7556}") = "StarGen", "StarGen\StarGen.csproj", "{2BCF8A3C-EA9C-4C83-9318-BAA9E827FEC8}"
EndProject
Project("{9A19103F-16F7-4668-BE54-9A1E7A4F7556}") = "StarGenTests", "StarGenTests\StarGenTests.csproj", "{7A9847A0-8DFB-405C-AD40-53344A5DB8BF}"
EndProject
Global
	GlobalSection(SolutionConfigurationPlatforms) = preSolution
		Debug|Any CPU = Debug|Any CPU
		Release|Any CPU = Release|Any CPU
	EndGlobalSection
	GlobalSection(ProjectConfigurationPlatforms) = postSolution
		{2BCF8A3C-EA9C-4C83-9318-BAA9E827FEC8}.Debug|Any CPU.ActiveCfg = Debug|Any CPU
		{2BCF8A3C-EA9C-4C83-9318-BAA9E827FEC8}.Debug|Any CPU.Build.0 = Debug|Any CPU
		{2BCF8A3C-EA9C-4C83-9318-BAA9E827FEC8}.Release|Any CPU.ActiveCfg = Release|Any CPU
		{2BCF8A3C-EA9C-4C83-9318-BAA9E827FEC8}.Release|Any CPU.Build.0 = Release|Any CPU
		{7A9847A0-8DFB-405C-AD40-53344A5DB8BF}.Debug|Any CPU.ActiveCfg = Debug|Any CPU
		{7A9847A0-8DFB-405C-AD40-53344A5DB8BF}.Debug|Any CPU.Build.0 = Debug|Any CPU
		{7A9847A0-8DFB-405C-AD40-53344A5DB8BF}.Release|Any CPU.ActiveCfg = Release|Any CPU
		{7A9847A0-8DFB-405C-AD40-53344A5DB8BF}.Release|Any CPU.Build.0 = Release|Any CPU
	EndGlobalSection
	GlobalSection(SolutionProperties) = preSolution
		HideSolutionNode = FALSE
	EndGlobalSection
	GlobalSection(ExtensibilityGlobals) = postSolution
		SolutionGuid = {F98E39CE-A52F-407E-A51A-6AD84A6EE9BA}
	EndGlobalSection
EndGlobal
